// !$*UTF8*$!
{
	archiveVersion = 1;
	classes = {
	};
	objectVersion = 56;
	objects = {

/* Begin PBXBuildFile section */
		19AB61962C9094E9004FEDD0 /* MeetTCAApp.swift in Sources */ = {isa = PBXBuildFile; fileRef = 19AB61952C9094E9004FEDD0 /* MeetTCAApp.swift */; };
		19AB61982C9094E9004FEDD0 /* ContentView.swift in Sources */ = {isa = PBXBuildFile; fileRef = 19AB61972C9094E9004FEDD0 /* ContentView.swift */; };
		19AB619A2C9094EA004FEDD0 /* Assets.xcassets in Resources */ = {isa = PBXBuildFile; fileRef = 19AB61992C9094EA004FEDD0 /* Assets.xcassets */; };
		19AB619D2C9094EA004FEDD0 /* Preview Assets.xcassets in Resources */ = {isa = PBXBuildFile; fileRef = 19AB619C2C9094EA004FEDD0 /* Preview Assets.xcassets */; };
		19AB61A72C9094EA004FEDD0 /* MeetTCATests.swift in Sources */ = {isa = PBXBuildFile; fileRef = 19AB61A62C9094EA004FEDD0 /* MeetTCATests.swift */; };
		19AB61B12C9094EA004FEDD0 /* MeetTCAUITests.swift in Sources */ = {isa = PBXBuildFile; fileRef = 19AB61B02C9094EA004FEDD0 /* MeetTCAUITests.swift */; };
		19AB61B32C9094EA004FEDD0 /* MeetTCAUITestsLaunchTests.swift in Sources */ = {isa = PBXBuildFile; fileRef = 19AB61B22C9094EA004FEDD0 /* MeetTCAUITestsLaunchTests.swift */; };
		19AB61C02C909507004FEDD0 /* CounterFeature.swift in Sources */ = {isa = PBXBuildFile; fileRef = 19AB61BF2C909507004FEDD0 /* CounterFeature.swift */; };
		19AB61C32C90959C004FEDD0 /* ComposableArchitecture in Frameworks */ = {isa = PBXBuildFile; productRef = 19AB61C22C90959C004FEDD0 /* ComposableArchitecture */; };
		19AB61C52C9098EA004FEDD0 /* CounterView.swift in Sources */ = {isa = PBXBuildFile; fileRef = 19AB61C42C9098EA004FEDD0 /* CounterView.swift */; };
/* End PBXBuildFile section */

/* Begin PBXContainerItemProxy section */
		19AB61A32C9094EA004FEDD0 /* PBXContainerItemProxy */ = {
			isa = PBXContainerItemProxy;
			containerPortal = 19AB618A2C9094E9004FEDD0 /* Project object */;
			proxyType = 1;
			remoteGlobalIDString = 19AB61912C9094E9004FEDD0;
			remoteInfo = MeetTCA;
		};
		19AB61AD2C9094EA004FEDD0 /* PBXContainerItemProxy */ = {
			isa = PBXContainerItemProxy;
			containerPortal = 19AB618A2C9094E9004FEDD0 /* Project object */;
			proxyType = 1;
			remoteGlobalIDString = 19AB61912C9094E9004FEDD0;
			remoteInfo = MeetTCA;
		};
/* End PBXContainerItemProxy section */

/* Begin PBXFileReference section */
		191C05D72C94E2FF00A4E603 /* Info.plist */ = {isa = PBXFileReference; lastKnownFileType = text.plist; path = Info.plist; sourceTree = "<group>"; };
		19AB61922C9094E9004FEDD0 /* MeetTCA.app */ = {isa = PBXFileReference; explicitFileType = wrapper.application; includeInIndex = 0; path = MeetTCA.app; sourceTree = BUILT_PRODUCTS_DIR; };
		19AB61952C9094E9004FEDD0 /* MeetTCAApp.swift */ = {isa = PBXFileReference; lastKnownFileType = sourcecode.swift; path = MeetTCAApp.swift; sourceTree = "<group>"; };
		19AB61972C9094E9004FEDD0 /* ContentView.swift */ = {isa = PBXFileReference; lastKnownFileType = sourcecode.swift; path = ContentView.swift; sourceTree = "<group>"; };
		19AB61992C9094EA004FEDD0 /* Assets.xcassets */ = {isa = PBXFileReference; lastKnownFileType = folder.assetcatalog; path = Assets.xcassets; sourceTree = "<group>"; };
		19AB619C2C9094EA004FEDD0 /* Preview Assets.xcassets */ = {isa = PBXFileReference; lastKnownFileType = folder.assetcatalog; path = "Preview Assets.xcassets"; sourceTree = "<group>"; };
		19AB61A22C9094EA004FEDD0 /* MeetTCATests.xctest */ = {isa = PBXFileReference; explicitFileType = wrapper.cfbundle; includeInIndex = 0; path = MeetTCATests.xctest; sourceTree = BUILT_PRODUCTS_DIR; };
		19AB61A62C9094EA004FEDD0 /* MeetTCATests.swift */ = {isa = PBXFileReference; lastKnownFileType = sourcecode.swift; path = MeetTCATests.swift; sourceTree = "<group>"; };
		19AB61AC2C9094EA004FEDD0 /* MeetTCAUITests.xctest */ = {isa = PBXFileReference; explicitFileType = wrapper.cfbundle; includeInIndex = 0; path = MeetTCAUITests.xctest; sourceTree = BUILT_PRODUCTS_DIR; };
		19AB61B02C9094EA004FEDD0 /* MeetTCAUITests.swift */ = {isa = PBXFileReference; lastKnownFileType = sourcecode.swift; path = MeetTCAUITests.swift; sourceTree = "<group>"; };
		19AB61B22C9094EA004FEDD0 /* MeetTCAUITestsLaunchTests.swift */ = {isa = PBXFileReference; lastKnownFileType = sourcecode.swift; path = MeetTCAUITestsLaunchTests.swift; sourceTree = "<group>"; };
		19AB61BF2C909507004FEDD0 /* CounterFeature.swift */ = {isa = PBXFileReference; lastKnownFileType = sourcecode.swift; path = CounterFeature.swift; sourceTree = "<group>"; };
		19AB61C42C9098EA004FEDD0 /* CounterView.swift */ = {isa = PBXFileReference; lastKnownFileType = sourcecode.swift; path = CounterView.swift; sourceTree = "<group>"; };
/* End PBXFileReference section */

/* Begin PBXFrameworksBuildPhase section */
		19AB618F2C9094E9004FEDD0 /* Frameworks */ = {
			isa = PBXFrameworksBuildPhase;
			buildActionMask = 2147483647;
			files = (
				19AB61C32C90959C004FEDD0 /* ComposableArchitecture in Frameworks */,
			);
			runOnlyForDeploymentPostprocessing = 0;
		};
		19AB619F2C9094EA004FEDD0 /* Frameworks */ = {
			isa = PBXFrameworksBuildPhase;
			buildActionMask = 2147483647;
			files = (
			);
			runOnlyForDeploymentPostprocessing = 0;
		};
		19AB61A92C9094EA004FEDD0 /* Frameworks */ = {
			isa = PBXFrameworksBuildPhase;
			buildActionMask = 2147483647;
			files = (
			);
			runOnlyForDeploymentPostprocessing = 0;
		};
/* End PBXFrameworksBuildPhase section */

/* Begin PBXGroup section */
		19AB61892C9094E9004FEDD0 = {
			isa = PBXGroup;
			children = (
				19AB61942C9094E9004FEDD0 /* MeetTCA */,
				19AB61A52C9094EA004FEDD0 /* MeetTCATests */,
				19AB61AF2C9094EA004FEDD0 /* MeetTCAUITests */,
				19AB61932C9094E9004FEDD0 /* Products */,
			);
			sourceTree = "<group>";
		};
		19AB61932C9094E9004FEDD0 /* Products */ = {
			isa = PBXGroup;
			children = (
				19AB61922C9094E9004FEDD0 /* MeetTCA.app */,
				19AB61A22C9094EA004FEDD0 /* MeetTCATests.xctest */,
				19AB61AC2C9094EA004FEDD0 /* MeetTCAUITests.xctest */,
			);
			name = Products;
			sourceTree = "<group>";
		};
		19AB61942C9094E9004FEDD0 /* MeetTCA */ = {
			isa = PBXGroup;
			children = (
				191C05D72C94E2FF00A4E603 /* Info.plist */,
				19AB61952C9094E9004FEDD0 /* MeetTCAApp.swift */,
				19AB61972C9094E9004FEDD0 /* ContentView.swift */,
				19AB61BF2C909507004FEDD0 /* CounterFeature.swift */,
				19AB61C42C9098EA004FEDD0 /* CounterView.swift */,
				19AB61992C9094EA004FEDD0 /* Assets.xcassets */,
				19AB619B2C9094EA004FEDD0 /* Preview Content */,
			);
			path = MeetTCA;
			sourceTree = "<group>";
		};
		19AB619B2C9094EA004FEDD0 /* Preview Content */ = {
			isa = PBXGroup;
			children = (
				19AB619C2C9094EA004FEDD0 /* Preview Assets.xcassets */,
			);
			path = "Preview Content";
			sourceTree = "<group>";
		};
		19AB61A52C9094EA004FEDD0 /* MeetTCATests */ = {
			isa = PBXGroup;
			children = (
				19AB61A62C9094EA004FEDD0 /* MeetTCATests.swift */,
			);
			path = MeetTCATests;
			sourceTree = "<group>";
		};
		19AB61AF2C9094EA004FEDD0 /* MeetTCAUITests */ = {
			isa = PBXGroup;
			children = (
				19AB61B02C9094EA004FEDD0 /* MeetTCAUITests.swift */,
				19AB61B22C9094EA004FEDD0 /* MeetTCAUITestsLaunchTests.swift */,
			);
			path = MeetTCAUITests;
			sourceTree = "<group>";
		};
/* End PBXGroup section */

/* Begin PBXNativeTarget section */
		19AB61912C9094E9004FEDD0 /* MeetTCA */ = {
			isa = PBXNativeTarget;
			buildConfigurationList = 19AB61B62C9094EA004FEDD0 /* Build configuration list for PBXNativeTarget "MeetTCA" */;
			buildPhases = (
				19AB618E2C9094E9004FEDD0 /* Sources */,
				19AB618F2C9094E9004FEDD0 /* Frameworks */,
				19AB61902C9094E9004FEDD0 /* Resources */,
			);
			buildRules = (
			);
			dependencies = (
			);
			name = MeetTCA;
			packageProductDependencies = (
				19AB61C22C90959C004FEDD0 /* ComposableArchitecture */,
			);
			productName = MeetTCA;
			productReference = 19AB61922C9094E9004FEDD0 /* MeetTCA.app */;
			productType = "com.apple.product-type.application";
		};
		19AB61A12C9094EA004FEDD0 /* MeetTCATests */ = {
			isa = PBXNativeTarget;
			buildConfigurationList = 19AB61B92C9094EA004FEDD0 /* Build configuration list for PBXNativeTarget "MeetTCATests" */;
			buildPhases = (
				19AB619E2C9094EA004FEDD0 /* Sources */,
				19AB619F2C9094EA004FEDD0 /* Frameworks */,
				19AB61A02C9094EA004FEDD0 /* Resources */,
			);
			buildRules = (
			);
			dependencies = (
				19AB61A42C9094EA004FEDD0 /* PBXTargetDependency */,
			);
			name = MeetTCATests;
			productName = MeetTCATests;
			productReference = 19AB61A22C9094EA004FEDD0 /* MeetTCATests.xctest */;
			productType = "com.apple.product-type.bundle.unit-test";
		};
		19AB61AB2C9094EA004FEDD0 /* MeetTCAUITests */ = {
			isa = PBXNativeTarget;
			buildConfigurationList = 19AB61BC2C9094EA004FEDD0 /* Build configuration list for PBXNativeTarget "MeetTCAUITests" */;
			buildPhases = (
				19AB61A82C9094EA004FEDD0 /* Sources */,
				19AB61A92C9094EA004FEDD0 /* Frameworks */,
				19AB61AA2C9094EA004FEDD0 /* Resources */,
			);
			buildRules = (
			);
			dependencies = (
				19AB61AE2C9094EA004FEDD0 /* PBXTargetDependency */,
			);
			name = MeetTCAUITests;
			productName = MeetTCAUITests;
			productReference = 19AB61AC2C9094EA004FEDD0 /* MeetTCAUITests.xctest */;
			productType = "com.apple.product-type.bundle.ui-testing";
		};
/* End PBXNativeTarget section */

/* Begin PBXProject section */
		19AB618A2C9094E9004FEDD0 /* Project object */ = {
			isa = PBXProject;
			attributes = {
				BuildIndependentTargetsInParallel = 1;
				LastSwiftUpdateCheck = 1540;
				LastUpgradeCheck = 1540;
				TargetAttributes = {
					19AB61912C9094E9004FEDD0 = {
						CreatedOnToolsVersion = 15.4;
					};
					19AB61A12C9094EA004FEDD0 = {
						CreatedOnToolsVersion = 15.4;
						TestTargetID = 19AB61912C9094E9004FEDD0;
					};
					19AB61AB2C9094EA004FEDD0 = {
						CreatedOnToolsVersion = 15.4;
						TestTargetID = 19AB61912C9094E9004FEDD0;
					};
				};
			};
			buildConfigurationList = 19AB618D2C9094E9004FEDD0 /* Build configuration list for PBXProject "MeetTCA" */;
			compatibilityVersion = "Xcode 14.0";
			developmentRegion = en;
			hasScannedForEncodings = 0;
			knownRegions = (
				en,
				Base,
			);
			mainGroup = 19AB61892C9094E9004FEDD0;
			packageReferences = (
				19AB61C12C90959C004FEDD0 /* XCRemoteSwiftPackageReference "swift-composable-architecture" */,
			);
			productRefGroup = 19AB61932C9094E9004FEDD0 /* Products */;
			projectDirPath = "";
			projectRoot = "";
			targets = (
				19AB61912C9094E9004FEDD0 /* MeetTCA */,
				19AB61A12C9094EA004FEDD0 /* MeetTCATests */,
				19AB61AB2C9094EA004FEDD0 /* MeetTCAUITests */,
			);
		};
/* End PBXProject section */

/* Begin PBXResourcesBuildPhase section */
		19AB61902C9094E9004FEDD0 /* Resources */ = {
			isa = PBXResourcesBuildPhase;
			buildActionMask = 2147483647;
			files = (
				19AB619D2C9094EA004FEDD0 /* Preview Assets.xcassets in Resources */,
				19AB619A2C9094EA004FEDD0 /* Assets.xcassets in Resources */,
			);
			runOnlyForDeploymentPostprocessing = 0;
		};
		19AB61A02C9094EA004FEDD0 /* Resources */ = {
			isa = PBXResourcesBuildPhase;
			buildActionMask = 2147483647;
			files = (
			);
			runOnlyForDeploymentPostprocessing = 0;
		};
		19AB61AA2C9094EA004FEDD0 /* Resources */ = {
			isa = PBXResourcesBuildPhase;
			buildActionMask = 2147483647;
			files = (
			);
			runOnlyForDeploymentPostprocessing = 0;
		};
/* End PBXResourcesBuildPhase section */

/* Begin PBXSourcesBuildPhase section */
		19AB618E2C9094E9004FEDD0 /* Sources */ = {
			isa = PBXSourcesBuildPhase;
			buildActionMask = 2147483647;
			files = (
				19AB61C02C909507004FEDD0 /* CounterFeature.swift in Sources */,
				19AB61982C9094E9004FEDD0 /* ContentView.swift in Sources */,
				19AB61962C9094E9004FEDD0 /* MeetTCAApp.swift in Sources */,
				19AB61C52C9098EA004FEDD0 /* CounterView.swift in Sources */,
			);
			runOnlyForDeploymentPostprocessing = 0;
		};
		19AB619E2C9094EA004FEDD0 /* Sources */ = {
			isa = PBXSourcesBuildPhase;
			buildActionMask = 2147483647;
			files = (
				19AB61A72C9094EA004FEDD0 /* MeetTCATests.swift in Sources */,
			);
			runOnlyForDeploymentPostprocessing = 0;
		};
		19AB61A82C9094EA004FEDD0 /* Sources */ = {
			isa = PBXSourcesBuildPhase;
			buildActionMask = 2147483647;
			files = (
				19AB61B32C9094EA004FEDD0 /* MeetTCAUITestsLaunchTests.swift in Sources */,
				19AB61B12C9094EA004FEDD0 /* MeetTCAUITests.swift in Sources */,
			);
			runOnlyForDeploymentPostprocessing = 0;
		};
/* End PBXSourcesBuildPhase section */

/* Begin PBXTargetDependency section */
		19AB61A42C9094EA004FEDD0 /* PBXTargetDependency */ = {
			isa = PBXTargetDependency;
			target = 19AB61912C9094E9004FEDD0 /* MeetTCA */;
			targetProxy = 19AB61A32C9094EA004FEDD0 /* PBXContainerItemProxy */;
		};
		19AB61AE2C9094EA004FEDD0 /* PBXTargetDependency */ = {
			isa = PBXTargetDependency;
			target = 19AB61912C9094E9004FEDD0 /* MeetTCA */;
			targetProxy = 19AB61AD2C9094EA004FEDD0 /* PBXContainerItemProxy */;
		};
/* End PBXTargetDependency section */

/* Begin XCBuildConfiguration section */
		19AB61B42C9094EA004FEDD0 /* Debug */ = {
			isa = XCBuildConfiguration;
			buildSettings = {
				ALWAYS_SEARCH_USER_PATHS = NO;
				ASSETCATALOG_COMPILER_GENERATE_SWIFT_ASSET_SYMBOL_EXTENSIONS = YES;
				CLANG_ANALYZER_NONNULL = YES;
				CLANG_ANALYZER_NUMBER_OBJECT_CONVERSION = YES_AGGRESSIVE;
				CLANG_CXX_LANGUAGE_STANDARD = "gnu++20";
				CLANG_ENABLE_MODULES = YES;
				CLANG_ENABLE_OBJC_ARC = YES;
				CLANG_ENABLE_OBJC_WEAK = YES;
				CLANG_WARN_BLOCK_CAPTURE_AUTORELEASING = YES;
				CLANG_WARN_BOOL_CONVERSION = YES;
				CLANG_WARN_COMMA = YES;
				CLANG_WARN_CONSTANT_CONVERSION = YES;
				CLANG_WARN_DEPRECATED_OBJC_IMPLEMENTATIONS = YES;
				CLANG_WARN_DIRECT_OBJC_ISA_USAGE = YES_ERROR;
				CLANG_WARN_DOCUMENTATION_COMMENTS = YES;
				CLANG_WARN_EMPTY_BODY = YES;
				CLANG_WARN_ENUM_CONVERSION = YES;
				CLANG_WARN_INFINITE_RECURSION = YES;
				CLANG_WARN_INT_CONVERSION = YES;
				CLANG_WARN_NON_LITERAL_NULL_CONVERSION = YES;
				CLANG_WARN_OBJC_IMPLICIT_RETAIN_SELF = YES;
				CLANG_WARN_OBJC_LITERAL_CONVERSION = YES;
				CLANG_WARN_OBJC_ROOT_CLASS = YES_ERROR;
				CLANG_WARN_QUOTED_INCLUDE_IN_FRAMEWORK_HEADER = YES;
				CLANG_WARN_RANGE_LOOP_ANALYSIS = YES;
				CLANG_WARN_STRICT_PROTOTYPES = YES;
				CLANG_WARN_SUSPICIOUS_MOVE = YES;
				CLANG_WARN_UNGUARDED_AVAILABILITY = YES_AGGRESSIVE;
				CLANG_WARN_UNREACHABLE_CODE = YES;
				CLANG_WARN__DUPLICATE_METHOD_MATCH = YES;
				COPY_PHASE_STRIP = NO;
				DEBUG_INFORMATION_FORMAT = dwarf;
				ENABLE_STRICT_OBJC_MSGSEND = YES;
				ENABLE_TESTABILITY = YES;
				ENABLE_USER_SCRIPT_SANDBOXING = YES;
				GCC_C_LANGUAGE_STANDARD = gnu17;
				GCC_DYNAMIC_NO_PIC = NO;
				GCC_NO_COMMON_BLOCKS = YES;
				GCC_OPTIMIZATION_LEVEL = 0;
				GCC_PREPROCESSOR_DEFINITIONS = (
					"DEBUG=1",
					"$(inherited)",
				);
				GCC_WARN_64_TO_32_BIT_CONVERSION = YES;
				GCC_WARN_ABOUT_RETURN_TYPE = YES_ERROR;
				GCC_WARN_UNDECLARED_SELECTOR = YES;
				GCC_WARN_UNINITIALIZED_AUTOS = YES_AGGRESSIVE;
				GCC_WARN_UNUSED_FUNCTION = YES;
				GCC_WARN_UNUSED_VARIABLE = YES;
				IPHONEOS_DEPLOYMENT_TARGET = 17.5;
				LOCALIZATION_PREFERS_STRING_CATALOGS = YES;
				MTL_ENABLE_DEBUG_INFO = INCLUDE_SOURCE;
				MTL_FAST_MATH = YES;
				ONLY_ACTIVE_ARCH = YES;
				SDKROOT = iphoneos;
				SWIFT_ACTIVE_COMPILATION_CONDITIONS = "DEBUG $(inherited)";
				SWIFT_OPTIMIZATION_LEVEL = "-Onone";
			};
			name = Debug;
		};
		19AB61B52C9094EA004FEDD0 /* Release */ = {
			isa = XCBuildConfiguration;
			buildSettings = {
				ALWAYS_SEARCH_USER_PATHS = NO;
				ASSETCATALOG_COMPILER_GENERATE_SWIFT_ASSET_SYMBOL_EXTENSIONS = YES;
				CLANG_ANALYZER_NONNULL = YES;
				CLANG_ANALYZER_NUMBER_OBJECT_CONVERSION = YES_AGGRESSIVE;
				CLANG_CXX_LANGUAGE_STANDARD = "gnu++20";
				CLANG_ENABLE_MODULES = YES;
				CLANG_ENABLE_OBJC_ARC = YES;
				CLANG_ENABLE_OBJC_WEAK = YES;
				CLANG_WARN_BLOCK_CAPTURE_AUTORELEASING = YES;
				CLANG_WARN_BOOL_CONVERSION = YES;
				CLANG_WARN_COMMA = YES;
				CLANG_WARN_CONSTANT_CONVERSION = YES;
				CLANG_WARN_DEPRECATED_OBJC_IMPLEMENTATIONS = YES;
				CLANG_WARN_DIRECT_OBJC_ISA_USAGE = YES_ERROR;
				CLANG_WARN_DOCUMENTATION_COMMENTS = YES;
				CLANG_WARN_EMPTY_BODY = YES;
				CLANG_WARN_ENUM_CONVERSION = YES;
				CLANG_WARN_INFINITE_RECURSION = YES;
				CLANG_WARN_INT_CONVERSION = YES;
				CLANG_WARN_NON_LITERAL_NULL_CONVERSION = YES;
				CLANG_WARN_OBJC_IMPLICIT_RETAIN_SELF = YES;
				CLANG_WARN_OBJC_LITERAL_CONVERSION = YES;
				CLANG_WARN_OBJC_ROOT_CLASS = YES_ERROR;
				CLANG_WARN_QUOTED_INCLUDE_IN_FRAMEWORK_HEADER = YES;
				CLANG_WARN_RANGE_LOOP_ANALYSIS = YES;
				CLANG_WARN_STRICT_PROTOTYPES = YES;
				CLANG_WARN_SUSPICIOUS_MOVE = YES;
				CLANG_WARN_UNGUARDED_AVAILABILITY = YES_AGGRESSIVE;
				CLANG_WARN_UNREACHABLE_CODE = YES;
				CLANG_WARN__DUPLICATE_METHOD_MATCH = YES;
				COPY_PHASE_STRIP = NO;
				DEBUG_INFORMATION_FORMAT = "dwarf-with-dsym";
				ENABLE_NS_ASSERTIONS = NO;
				ENABLE_STRICT_OBJC_MSGSEND = YES;
				ENABLE_USER_SCRIPT_SANDBOXING = YES;
				GCC_C_LANGUAGE_STANDARD = gnu17;
				GCC_NO_COMMON_BLOCKS = YES;
				GCC_WARN_64_TO_32_BIT_CONVERSION = YES;
				GCC_WARN_ABOUT_RETURN_TYPE = YES_ERROR;
				GCC_WARN_UNDECLARED_SELECTOR = YES;
				GCC_WARN_UNINITIALIZED_AUTOS = YES_AGGRESSIVE;
				GCC_WARN_UNUSED_FUNCTION = YES;
				GCC_WARN_UNUSED_VARIABLE = YES;
				IPHONEOS_DEPLOYMENT_TARGET = 17.5;
				LOCALIZATION_PREFERS_STRING_CATALOGS = YES;
				MTL_ENABLE_DEBUG_INFO = NO;
				MTL_FAST_MATH = YES;
				SDKROOT = iphoneos;
				SWIFT_COMPILATION_MODE = wholemodule;
				VALIDATE_PRODUCT = YES;
			};
			name = Release;
		};
		19AB61B72C9094EA004FEDD0 /* Debug */ = {
			isa = XCBuildConfiguration;
			buildSettings = {
				ASSETCATALOG_COMPILER_APPICON_NAME = AppIcon;
				ASSETCATALOG_COMPILER_GLOBAL_ACCENT_COLOR_NAME = AccentColor;
				CODE_SIGN_STYLE = Automatic;
				CURRENT_PROJECT_VERSION = 1;
				DEVELOPMENT_ASSET_PATHS = "\"MeetTCA/Preview Content\"";
				DEVELOPMENT_TEAM = K2VAN9GH96;
				ENABLE_PREVIEWS = YES;
				GENERATE_INFOPLIST_FILE = YES;
				INFOPLIST_FILE = MeetTCA/Info.plist;
				INFOPLIST_KEY_UIApplicationSceneManifest_Generation = YES;
				INFOPLIST_KEY_UIApplicationSupportsIndirectInputEvents = YES;
				INFOPLIST_KEY_UILaunchScreen_Generation = YES;
				INFOPLIST_KEY_UISupportedInterfaceOrientations_iPad = "UIInterfaceOrientationPortrait UIInterfaceOrientationPortraitUpsideDown UIInterfaceOrientationLandscapeLeft UIInterfaceOrientationLandscapeRight";
				INFOPLIST_KEY_UISupportedInterfaceOrientations_iPhone = "UIInterfaceOrientationPortrait UIInterfaceOrientationLandscapeLeft UIInterfaceOrientationLandscapeRight";
				LD_RUNPATH_SEARCH_PATHS = (
					"$(inherited)",
					"@executable_path/Frameworks",
				);
				MARKETING_VERSION = 1.0;
				PRODUCT_BUNDLE_IDENTIFIER = com.loinsir.MeetTCA;
				PRODUCT_NAME = "$(TARGET_NAME)";
				SWIFT_EMIT_LOC_STRINGS = YES;
				SWIFT_VERSION = 5.0;
				TARGETED_DEVICE_FAMILY = "1,2";
			};
			name = Debug;
		};
		19AB61B82C9094EA004FEDD0 /* Release */ = {
			isa = XCBuildConfiguration;
			buildSettings = {
				ASSETCATALOG_COMPILER_APPICON_NAME = AppIcon;
				ASSETCATALOG_COMPILER_GLOBAL_ACCENT_COLOR_NAME = AccentColor;
				CODE_SIGN_STYLE = Automatic;
				CURRENT_PROJECT_VERSION = 1;
				DEVELOPMENT_ASSET_PATHS = "\"MeetTCA/Preview Content\"";
				DEVELOPMENT_TEAM = K2VAN9GH96;
				ENABLE_PREVIEWS = YES;
				GENERATE_INFOPLIST_FILE = YES;
				INFOPLIST_FILE = MeetTCA/Info.plist;
				INFOPLIST_KEY_UIApplicationSceneManifest_Generation = YES;
				INFOPLIST_KEY_UIApplicationSupportsIndirectInputEvents = YES;
				INFOPLIST_KEY_UILaunchScreen_Generation = YES;
				INFOPLIST_KEY_UISupportedInterfaceOrientations_iPad = "UIInterfaceOrientationPortrait UIInterfaceOrientationPortraitUpsideDown UIInterfaceOrientationLandscapeLeft UIInterfaceOrientationLandscapeRight";
				INFOPLIST_KEY_UISupportedInterfaceOrientations_iPhone = "UIInterfaceOrientationPortrait UIInterfaceOrientationLandscapeLeft UIInterfaceOrientationLandscapeRight";
				LD_RUNPATH_SEARCH_PATHS = (
					"$(inherited)",
					"@executable_path/Frameworks",
				);
				MARKETING_VERSION = 1.0;
				PRODUCT_BUNDLE_IDENTIFIER = com.loinsir.MeetTCA;
				PRODUCT_NAME = "$(TARGET_NAME)";
				SWIFT_EMIT_LOC_STRINGS = YES;
				SWIFT_VERSION = 5.0;
				TARGETED_DEVICE_FAMILY = "1,2";
			};
			name = Release;
		};
		19AB61BA2C9094EA004FEDD0 /* Debug */ = {
			isa = XCBuildConfiguration;
			buildSettings = {
				ALWAYS_EMBED_SWIFT_STANDARD_LIBRARIES = YES;
				BUNDLE_LOADER = "$(TEST_HOST)";
				CODE_SIGN_STYLE = Automatic;
				CURRENT_PROJECT_VERSION = 1;
				DEVELOPMENT_TEAM = K2VAN9GH96;
				GENERATE_INFOPLIST_FILE = YES;
				IPHONEOS_DEPLOYMENT_TARGET = 17.5;
				MARKETING_VERSION = 1.0;
				PRODUCT_BUNDLE_IDENTIFIER = com.loinsir.MeetTCATests;
				PRODUCT_NAME = "$(TARGET_NAME)";
				SWIFT_EMIT_LOC_STRINGS = NO;
				SWIFT_VERSION = 5.0;
				TARGETED_DEVICE_FAMILY = "1,2";
				TEST_HOST = "$(BUILT_PRODUCTS_DIR)/MeetTCA.app/$(BUNDLE_EXECUTABLE_FOLDER_PATH)/MeetTCA";
			};
			name = Debug;
		};
		19AB61BB2C9094EA004FEDD0 /* Release */ = {
			isa = XCBuildConfiguration;
			buildSettings = {
				ALWAYS_EMBED_SWIFT_STANDARD_LIBRARIES = YES;
				BUNDLE_LOADER = "$(TEST_HOST)";
				CODE_SIGN_STYLE = Automatic;
				CURRENT_PROJECT_VERSION = 1;
				DEVELOPMENT_TEAM = K2VAN9GH96;
				GENERATE_INFOPLIST_FILE = YES;
				IPHONEOS_DEPLOYMENT_TARGET = 17.5;
				MARKETING_VERSION = 1.0;
				PRODUCT_BUNDLE_IDENTIFIER = com.loinsir.MeetTCATests;
				PRODUCT_NAME = "$(TARGET_NAME)";
				SWIFT_EMIT_LOC_STRINGS = NO;
				SWIFT_VERSION = 5.0;
				TARGETED_DEVICE_FAMILY = "1,2";
				TEST_HOST = "$(BUILT_PRODUCTS_DIR)/MeetTCA.app/$(BUNDLE_EXECUTABLE_FOLDER_PATH)/MeetTCA";
			};
			name = Release;
		};
		19AB61BD2C9094EA004FEDD0 /* Debug */ = {
			isa = XCBuildConfiguration;
			buildSettings = {
				ALWAYS_EMBED_SWIFT_STANDARD_LIBRARIES = YES;
				CODE_SIGN_STYLE = Automatic;
				CURRENT_PROJECT_VERSION = 1;
				DEVELOPMENT_TEAM = K2VAN9GH96;
				GENERATE_INFOPLIST_FILE = YES;
				MARKETING_VERSION = 1.0;
				PRODUCT_BUNDLE_IDENTIFIER = com.loinsir.MeetTCAUITests;
				PRODUCT_NAME = "$(TARGET_NAME)";
				SWIFT_EMIT_LOC_STRINGS = NO;
				SWIFT_VERSION = 5.0;
				TARGETED_DEVICE_FAMILY = "1,2";
				TEST_TARGET_NAME = MeetTCA;
			};
			name = Debug;
		};
		19AB61BE2C9094EA004FEDD0 /* Release */ = {
			isa = XCBuildConfiguration;
			buildSettings = {
				ALWAYS_EMBED_SWIFT_STANDARD_LIBRARIES = YES;
				CODE_SIGN_STYLE = Automatic;
				CURRENT_PROJECT_VERSION = 1;
				DEVELOPMENT_TEAM = K2VAN9GH96;
				GENERATE_INFOPLIST_FILE = YES;
				MARKETING_VERSION = 1.0;
				PRODUCT_BUNDLE_IDENTIFIER = com.loinsir.MeetTCAUITests;
				PRODUCT_NAME = "$(TARGET_NAME)";
				SWIFT_EMIT_LOC_STRINGS = NO;
				SWIFT_VERSION = 5.0;
				TARGETED_DEVICE_FAMILY = "1,2";
				TEST_TARGET_NAME = MeetTCA;
			};
			name = Release;
		};
/* End XCBuildConfiguration section */

/* Begin XCConfigurationList section */
		19AB618D2C9094E9004FEDD0 /* Build configuration list for PBXProject "MeetTCA" */ = {
			isa = XCConfigurationList;
			buildConfigurations = (
				19AB61B42C9094EA004FEDD0 /* Debug */,
				19AB61B52C9094EA004FEDD0 /* Release */,
			);
			defaultConfigurationIsVisible = 0;
			defaultConfigurationName = Release;
		};
		19AB61B62C9094EA004FEDD0 /* Build configuration list for PBXNativeTarget "MeetTCA" */ = {
			isa = XCConfigurationList;
			buildConfigurations = (
				19AB61B72C9094EA004FEDD0 /* Debug */,
				19AB61B82C9094EA004FEDD0 /* Release */,
			);
			defaultConfigurationIsVisible = 0;
			defaultConfigurationName = Release;
		};
		19AB61B92C9094EA004FEDD0 /* Build configuration list for PBXNativeTarget "MeetTCATests" */ = {
			isa = XCConfigurationList;
			buildConfigurations = (
				19AB61BA2C9094EA004FEDD0 /* Debug */,
				19AB61BB2C9094EA004FEDD0 /* Release */,
			);
			defaultConfigurationIsVisible = 0;
			defaultConfigurationName = Release;
		};
		19AB61BC2C9094EA004FEDD0 /* Build configuration list for PBXNativeTarget "MeetTCAUITests" */ = {
			isa = XCConfigurationList;
			buildConfigurations = (
				19AB61BD2C9094EA004FEDD0 /* Debug */,
				19AB61BE2C9094EA004FEDD0 /* Release */,
			);
			defaultConfigurationIsVisible = 0;
			defaultConfigurationName = Release;
		};
/* End XCConfigurationList section */

/* Begin XCRemoteSwiftPackageReference section */
		19AB61C12C90959C004FEDD0 /* XCRemoteSwiftPackageReference "swift-composable-architecture" */ = {
			isa = XCRemoteSwiftPackageReference;
			repositoryURL = "https://github.com/pointfreeco/swift-composable-architecture";
			requirement = {
				kind = upToNextMajorVersion;
				minimumVersion = 1.14.0;
			};
		};
/* End XCRemoteSwiftPackageReference section */

/* Begin XCSwiftPackageProductDependency section */
		19AB61C22C90959C004FEDD0 /* ComposableArchitecture */ = {
			isa = XCSwiftPackageProductDependency;
			package = 19AB61C12C90959C004FEDD0 /* XCRemoteSwiftPackageReference "swift-composable-architecture" */;
			productName = ComposableArchitecture;
		};
/* End XCSwiftPackageProductDependency section */
	};
	rootObject = 19AB618A2C9094E9004FEDD0 /* Project object */;
}
